// !$*UTF8*$!
{
	archiveVersion = 1;
	classes = {
	};
	objectVersion = 51;
	objects = {

/* Begin PBXBuildFile section */
		25DBD68799FD13D7780FB875 /* Pods_TextureExam_TextureExamUITests.framework in Frameworks */ = {isa = PBXBuildFile; fileRef = F9326494F8E9E8C6F5993C7F /* Pods_TextureExam_TextureExamUITests.framework */; };
		7EEDFE952667B1D000C20F27 /* AppDelegate.swift in Sources */ = {isa = PBXBuildFile; fileRef = 7EEDFE942667B1D000C20F27 /* AppDelegate.swift */; };
		7EEDFE972667B1D000C20F27 /* SceneDelegate.swift in Sources */ = {isa = PBXBuildFile; fileRef = 7EEDFE962667B1D000C20F27 /* SceneDelegate.swift */; };
		7EEDFE992667B1D000C20F27 /* ViewController.swift in Sources */ = {isa = PBXBuildFile; fileRef = 7EEDFE982667B1D000C20F27 /* ViewController.swift */; };
		7EEDFE9E2667B1D200C20F27 /* Assets.xcassets in Resources */ = {isa = PBXBuildFile; fileRef = 7EEDFE9D2667B1D200C20F27 /* Assets.xcassets */; };
		7EEDFEA12667B1D200C20F27 /* LaunchScreen.storyboard in Resources */ = {isa = PBXBuildFile; fileRef = 7EEDFE9F2667B1D200C20F27 /* LaunchScreen.storyboard */; };
		7EEDFEAC2667B1D200C20F27 /* TextureExamTests.swift in Sources */ = {isa = PBXBuildFile; fileRef = 7EEDFEAB2667B1D200C20F27 /* TextureExamTests.swift */; };
		7EEDFEB72667B1D200C20F27 /* TextureExamUITests.swift in Sources */ = {isa = PBXBuildFile; fileRef = 7EEDFEB62667B1D200C20F27 /* TextureExamUITests.swift */; };
		9575C39FAFD720B369D21FDF /* Pods_TextureExam.framework in Frameworks */ = {isa = PBXBuildFile; fileRef = CC55A7837674CE2EFA8A3874 /* Pods_TextureExam.framework */; };
		A5955BA9B02BA3F71775E8DF /* Pods_TextureExamTests.framework in Frameworks */ = {isa = PBXBuildFile; fileRef = CAF7D987131DB7285EEA1BCB /* Pods_TextureExamTests.framework */; };
/* End PBXBuildFile section */

/* Begin PBXContainerItemProxy section */
		7EEDFEA82667B1D200C20F27 /* PBXContainerItemProxy */ = {
			isa = PBXContainerItemProxy;
			containerPortal = 7EEDFE892667B1D000C20F27 /* Project object */;
			proxyType = 1;
			remoteGlobalIDString = 7EEDFE902667B1D000C20F27;
			remoteInfo = TextureExam;
		};
		7EEDFEB32667B1D200C20F27 /* PBXContainerItemProxy */ = {
			isa = PBXContainerItemProxy;
			containerPortal = 7EEDFE892667B1D000C20F27 /* Project object */;
			proxyType = 1;
			remoteGlobalIDString = 7EEDFE902667B1D000C20F27;
			remoteInfo = TextureExam;
		};
/* End PBXContainerItemProxy section */

/* Begin PBXFileReference section */
		3B67E3A8CD0413FF4C9CFAB5 /* Pods-TextureExamTests.release.xcconfig */ = {isa = PBXFileReference; includeInIndex = 1; lastKnownFileType = text.xcconfig; name = "Pods-TextureExamTests.release.xcconfig"; path = "Target Support Files/Pods-TextureExamTests/Pods-TextureExamTests.release.xcconfig"; sourceTree = "<group>"; };
		5E9BFA1E932D344929C800EE /* Pods-TextureExam-TextureExamUITests.debug.xcconfig */ = {isa = PBXFileReference; includeInIndex = 1; lastKnownFileType = text.xcconfig; name = "Pods-TextureExam-TextureExamUITests.debug.xcconfig"; path = "Target Support Files/Pods-TextureExam-TextureExamUITests/Pods-TextureExam-TextureExamUITests.debug.xcconfig"; sourceTree = "<group>"; };
		7EEDFE912667B1D000C20F27 /* TextureExam.app */ = {isa = PBXFileReference; explicitFileType = wrapper.application; includeInIndex = 0; path = TextureExam.app; sourceTree = BUILT_PRODUCTS_DIR; };
		7EEDFE942667B1D000C20F27 /* AppDelegate.swift */ = {isa = PBXFileReference; lastKnownFileType = sourcecode.swift; path = AppDelegate.swift; sourceTree = "<group>"; };
		7EEDFE962667B1D000C20F27 /* SceneDelegate.swift */ = {isa = PBXFileReference; lastKnownFileType = sourcecode.swift; path = SceneDelegate.swift; sourceTree = "<group>"; };
		7EEDFE982667B1D000C20F27 /* ViewController.swift */ = {isa = PBXFileReference; lastKnownFileType = sourcecode.swift; path = ViewController.swift; sourceTree = "<group>"; };
		7EEDFE9D2667B1D200C20F27 /* Assets.xcassets */ = {isa = PBXFileReference; lastKnownFileType = folder.assetcatalog; path = Assets.xcassets; sourceTree = "<group>"; };
		7EEDFEA02667B1D200C20F27 /* Base */ = {isa = PBXFileReference; lastKnownFileType = file.storyboard; name = Base; path = Base.lproj/LaunchScreen.storyboard; sourceTree = "<group>"; };
		7EEDFEA22667B1D200C20F27 /* Info.plist */ = {isa = PBXFileReference; lastKnownFileType = text.plist.xml; path = Info.plist; sourceTree = "<group>"; };
		7EEDFEA72667B1D200C20F27 /* TextureExamTests.xctest */ = {isa = PBXFileReference; explicitFileType = wrapper.cfbundle; includeInIndex = 0; path = TextureExamTests.xctest; sourceTree = BUILT_PRODUCTS_DIR; };
		7EEDFEAB2667B1D200C20F27 /* TextureExamTests.swift */ = {isa = PBXFileReference; lastKnownFileType = sourcecode.swift; path = TextureExamTests.swift; sourceTree = "<group>"; };
		7EEDFEAD2667B1D200C20F27 /* Info.plist */ = {isa = PBXFileReference; lastKnownFileType = text.plist.xml; path = Info.plist; sourceTree = "<group>"; };
		7EEDFEB22667B1D200C20F27 /* TextureExamUITests.xctest */ = {isa = PBXFileReference; explicitFileType = wrapper.cfbundle; includeInIndex = 0; path = TextureExamUITests.xctest; sourceTree = BUILT_PRODUCTS_DIR; };
		7EEDFEB62667B1D200C20F27 /* TextureExamUITests.swift */ = {isa = PBXFileReference; lastKnownFileType = sourcecode.swift; path = TextureExamUITests.swift; sourceTree = "<group>"; };
		7EEDFEB82667B1D200C20F27 /* Info.plist */ = {isa = PBXFileReference; lastKnownFileType = text.plist.xml; path = Info.plist; sourceTree = "<group>"; };
		9C8DFFF2D6EFD457212A4A05 /* Pods-TextureExam.release.xcconfig */ = {isa = PBXFileReference; includeInIndex = 1; lastKnownFileType = text.xcconfig; name = "Pods-TextureExam.release.xcconfig"; path = "Target Support Files/Pods-TextureExam/Pods-TextureExam.release.xcconfig"; sourceTree = "<group>"; };
		B6F142020D1FE0E8D6BE2A91 /* Pods-TextureExam.debug.xcconfig */ = {isa = PBXFileReference; includeInIndex = 1; lastKnownFileType = text.xcconfig; name = "Pods-TextureExam.debug.xcconfig"; path = "Target Support Files/Pods-TextureExam/Pods-TextureExam.debug.xcconfig"; sourceTree = "<group>"; };
		CAF7D987131DB7285EEA1BCB /* Pods_TextureExamTests.framework */ = {isa = PBXFileReference; explicitFileType = wrapper.framework; includeInIndex = 0; path = Pods_TextureExamTests.framework; sourceTree = BUILT_PRODUCTS_DIR; };
		CC55A7837674CE2EFA8A3874 /* Pods_TextureExam.framework */ = {isa = PBXFileReference; explicitFileType = wrapper.framework; includeInIndex = 0; path = Pods_TextureExam.framework; sourceTree = BUILT_PRODUCTS_DIR; };
		F4689D328E307ED22D9812C8 /* Pods-TextureExam-TextureExamUITests.release.xcconfig */ = {isa = PBXFileReference; includeInIndex = 1; lastKnownFileType = text.xcconfig; name = "Pods-TextureExam-TextureExamUITests.release.xcconfig"; path = "Target Support Files/Pods-TextureExam-TextureExamUITests/Pods-TextureExam-TextureExamUITests.release.xcconfig"; sourceTree = "<group>"; };
		F4E20D8A2C5F06FBB8FEB738 /* Pods-TextureExamTests.debug.xcconfig */ = {isa = PBXFileReference; includeInIndex = 1; lastKnownFileType = text.xcconfig; name = "Pods-TextureExamTests.debug.xcconfig"; path = "Target Support Files/Pods-TextureExamTests/Pods-TextureExamTests.debug.xcconfig"; sourceTree = "<group>"; };
		F9326494F8E9E8C6F5993C7F /* Pods_TextureExam_TextureExamUITests.framework */ = {isa = PBXFileReference; explicitFileType = wrapper.framework; includeInIndex = 0; path = Pods_TextureExam_TextureExamUITests.framework; sourceTree = BUILT_PRODUCTS_DIR; };
/* End PBXFileReference section */

/* Begin PBXFrameworksBuildPhase section */
		7EEDFE8E2667B1D000C20F27 /* Frameworks */ = {
			isa = PBXFrameworksBuildPhase;
			buildActionMask = 2147483647;
			files = (
				9575C39FAFD720B369D21FDF /* Pods_TextureExam.framework in Frameworks */,
			);
			runOnlyForDeploymentPostprocessing = 0;
		};
		7EEDFEA42667B1D200C20F27 /* Frameworks */ = {
			isa = PBXFrameworksBuildPhase;
			buildActionMask = 2147483647;
			files = (
				A5955BA9B02BA3F71775E8DF /* Pods_TextureExamTests.framework in Frameworks */,
			);
			runOnlyForDeploymentPostprocessing = 0;
		};
		7EEDFEAF2667B1D200C20F27 /* Frameworks */ = {
			isa = PBXFrameworksBuildPhase;
			buildActionMask = 2147483647;
			files = (
				25DBD68799FD13D7780FB875 /* Pods_TextureExam_TextureExamUITests.framework in Frameworks */,
			);
			runOnlyForDeploymentPostprocessing = 0;
		};
/* End PBXFrameworksBuildPhase section */

/* Begin PBXGroup section */
		269B38BCBDDABB91F26A5C38 /* Pods */ = {
			isa = PBXGroup;
			children = (
				B6F142020D1FE0E8D6BE2A91 /* Pods-TextureExam.debug.xcconfig */,
				9C8DFFF2D6EFD457212A4A05 /* Pods-TextureExam.release.xcconfig */,
				5E9BFA1E932D344929C800EE /* Pods-TextureExam-TextureExamUITests.debug.xcconfig */,
				F4689D328E307ED22D9812C8 /* Pods-TextureExam-TextureExamUITests.release.xcconfig */,
				F4E20D8A2C5F06FBB8FEB738 /* Pods-TextureExamTests.debug.xcconfig */,
				3B67E3A8CD0413FF4C9CFAB5 /* Pods-TextureExamTests.release.xcconfig */,
			);
			path = Pods;
			sourceTree = "<group>";
		};
		68EBDB3979C11BEE9A65DFA1 /* Frameworks */ = {
			isa = PBXGroup;
			children = (
				CC55A7837674CE2EFA8A3874 /* Pods_TextureExam.framework */,
				F9326494F8E9E8C6F5993C7F /* Pods_TextureExam_TextureExamUITests.framework */,
				CAF7D987131DB7285EEA1BCB /* Pods_TextureExamTests.framework */,
			);
			name = Frameworks;
			sourceTree = "<group>";
		};
		7EEDFE882667B1D000C20F27 = {
			isa = PBXGroup;
			children = (
				7EEDFE932667B1D000C20F27 /* TextureExam */,
				7EEDFEAA2667B1D200C20F27 /* TextureExamTests */,
				7EEDFEB52667B1D200C20F27 /* TextureExamUITests */,
				7EEDFE922667B1D000C20F27 /* Products */,
				269B38BCBDDABB91F26A5C38 /* Pods */,
				68EBDB3979C11BEE9A65DFA1 /* Frameworks */,
			);
			sourceTree = "<group>";
		};
		7EEDFE922667B1D000C20F27 /* Products */ = {
			isa = PBXGroup;
			children = (
				7EEDFE912667B1D000C20F27 /* TextureExam.app */,
				7EEDFEA72667B1D200C20F27 /* TextureExamTests.xctest */,
				7EEDFEB22667B1D200C20F27 /* TextureExamUITests.xctest */,
			);
			name = Products;
			sourceTree = "<group>";
		};
		7EEDFE932667B1D000C20F27 /* TextureExam */ = {
			isa = PBXGroup;
			children = (
				7EEDFE942667B1D000C20F27 /* AppDelegate.swift */,
				7EEDFE962667B1D000C20F27 /* SceneDelegate.swift */,
				7EEDFE982667B1D000C20F27 /* ViewController.swift */,
				7EEDFE9D2667B1D200C20F27 /* Assets.xcassets */,
				7EEDFE9F2667B1D200C20F27 /* LaunchScreen.storyboard */,
				7EEDFEA22667B1D200C20F27 /* Info.plist */,
			);
			path = TextureExam;
			sourceTree = "<group>";
		};
		7EEDFEAA2667B1D200C20F27 /* TextureExamTests */ = {
			isa = PBXGroup;
			children = (
				7EEDFEAB2667B1D200C20F27 /* TextureExamTests.swift */,
				7EEDFEAD2667B1D200C20F27 /* Info.plist */,
			);
			path = TextureExamTests;
			sourceTree = "<group>";
		};
		7EEDFEB52667B1D200C20F27 /* TextureExamUITests */ = {
			isa = PBXGroup;
			children = (
				7EEDFEB62667B1D200C20F27 /* TextureExamUITests.swift */,
				7EEDFEB82667B1D200C20F27 /* Info.plist */,
			);
			path = TextureExamUITests;
			sourceTree = "<group>";
		};
/* End PBXGroup section */

/* Begin PBXNativeTarget section */
		7EEDFE902667B1D000C20F27 /* TextureExam */ = {
			isa = PBXNativeTarget;
			buildConfigurationList = 7EEDFEBB2667B1D200C20F27 /* Build configuration list for PBXNativeTarget "TextureExam" */;
			buildPhases = (
				74CDF3A7ABBDD0C7AA892503 /* [CP] Check Pods Manifest.lock */,
				7EEDFE8D2667B1D000C20F27 /* Sources */,
				7EEDFE8E2667B1D000C20F27 /* Frameworks */,
				7EEDFE8F2667B1D000C20F27 /* Resources */,
				33C92236645C93098EA5172C /* [CP] Embed Pods Frameworks */,
			);
			buildRules = (
			);
			dependencies = (
			);
			name = TextureExam;
			productName = TextureExam;
			productReference = 7EEDFE912667B1D000C20F27 /* TextureExam.app */;
			productType = "com.apple.product-type.application";
		};
		7EEDFEA62667B1D200C20F27 /* TextureExamTests */ = {
			isa = PBXNativeTarget;
			buildConfigurationList = 7EEDFEBE2667B1D200C20F27 /* Build configuration list for PBXNativeTarget "TextureExamTests" */;
			buildPhases = (
				84638EEF9B623AB6015C4775 /* [CP] Check Pods Manifest.lock */,
				7EEDFEA32667B1D200C20F27 /* Sources */,
				7EEDFEA42667B1D200C20F27 /* Frameworks */,
				7EEDFEA52667B1D200C20F27 /* Resources */,
			);
			buildRules = (
			);
			dependencies = (
				7EEDFEA92667B1D200C20F27 /* PBXTargetDependency */,
			);
			name = TextureExamTests;
			productName = TextureExamTests;
			productReference = 7EEDFEA72667B1D200C20F27 /* TextureExamTests.xctest */;
			productType = "com.apple.product-type.bundle.unit-test";
		};
		7EEDFEB12667B1D200C20F27 /* TextureExamUITests */ = {
			isa = PBXNativeTarget;
			buildConfigurationList = 7EEDFEC12667B1D200C20F27 /* Build configuration list for PBXNativeTarget "TextureExamUITests" */;
			buildPhases = (
				3535E9A98157D56CEB4A313C /* [CP] Check Pods Manifest.lock */,
				7EEDFEAE2667B1D200C20F27 /* Sources */,
				7EEDFEAF2667B1D200C20F27 /* Frameworks */,
				7EEDFEB02667B1D200C20F27 /* Resources */,
				C61293D0851AAB7134DC5D40 /* [CP] Embed Pods Frameworks */,
			);
			buildRules = (
			);
			dependencies = (
				7EEDFEB42667B1D200C20F27 /* PBXTargetDependency */,
			);
			name = TextureExamUITests;
			productName = TextureExamUITests;
			productReference = 7EEDFEB22667B1D200C20F27 /* TextureExamUITests.xctest */;
			productType = "com.apple.product-type.bundle.ui-testing";
		};
/* End PBXNativeTarget section */

/* Begin PBXProject section */
		7EEDFE892667B1D000C20F27 /* Project object */ = {
			isa = PBXProject;
			attributes = {
				LastSwiftUpdateCheck = 1240;
				LastUpgradeCheck = 1240;
				TargetAttributes = {
					7EEDFE902667B1D000C20F27 = {
						CreatedOnToolsVersion = 12.4;
					};
					7EEDFEA62667B1D200C20F27 = {
						CreatedOnToolsVersion = 12.4;
						TestTargetID = 7EEDFE902667B1D000C20F27;
					};
					7EEDFEB12667B1D200C20F27 = {
						CreatedOnToolsVersion = 12.4;
						TestTargetID = 7EEDFE902667B1D000C20F27;
					};
				};
			};
			buildConfigurationList = 7EEDFE8C2667B1D000C20F27 /* Build configuration list for PBXProject "TextureExam" */;
			compatibilityVersion = "Xcode 9.3";
			developmentRegion = en;
			hasScannedForEncodings = 0;
			knownRegions = (
				en,
				Base,
			);
			mainGroup = 7EEDFE882667B1D000C20F27;
			productRefGroup = 7EEDFE922667B1D000C20F27 /* Products */;
			projectDirPath = "";
			projectRoot = "";
			targets = (
				7EEDFE902667B1D000C20F27 /* TextureExam */,
				7EEDFEA62667B1D200C20F27 /* TextureExamTests */,
				7EEDFEB12667B1D200C20F27 /* TextureExamUITests */,
			);
		};
/* End PBXProject section */

/* Begin PBXResourcesBuildPhase section */
		7EEDFE8F2667B1D000C20F27 /* Resources */ = {
			isa = PBXResourcesBuildPhase;
			buildActionMask = 2147483647;
			files = (
				7EEDFEA12667B1D200C20F27 /* LaunchScreen.storyboard in Resources */,
				7EEDFE9E2667B1D200C20F27 /* Assets.xcassets in Resources */,
			);
			runOnlyForDeploymentPostprocessing = 0;
		};
		7EEDFEA52667B1D200C20F27 /* Resources */ = {
			isa = PBXResourcesBuildPhase;
			buildActionMask = 2147483647;
			files = (
			);
			runOnlyForDeploymentPostprocessing = 0;
		};
		7EEDFEB02667B1D200C20F27 /* Resources */ = {
			isa = PBXResourcesBuildPhase;
			buildActionMask = 2147483647;
			files = (
			);
			runOnlyForDeploymentPostprocessing = 0;
		};
/* End PBXResourcesBuildPhase section */

/* Begin PBXShellScriptBuildPhase section */
		33C92236645C93098EA5172C /* [CP] Embed Pods Frameworks */ = {
			isa = PBXShellScriptBuildPhase;
			buildActionMask = 2147483647;
			files = (
			);
			inputFileListPaths = (
				"${PODS_ROOT}/Target Support Files/Pods-TextureExam/Pods-TextureExam-frameworks-${CONFIGURATION}-input-files.xcfilelist",
			);
			name = "[CP] Embed Pods Frameworks";
			outputFileListPaths = (
				"${PODS_ROOT}/Target Support Files/Pods-TextureExam/Pods-TextureExam-frameworks-${CONFIGURATION}-output-files.xcfilelist",
			);
			runOnlyForDeploymentPostprocessing = 0;
			shellPath = /bin/sh;
			shellScript = "\"${PODS_ROOT}/Target Support Files/Pods-TextureExam/Pods-TextureExam-frameworks.sh\"\n";
			showEnvVarsInLog = 0;
		};
		3535E9A98157D56CEB4A313C /* [CP] Check Pods Manifest.lock */ = {
			isa = PBXShellScriptBuildPhase;
			buildActionMask = 2147483647;
			files = (
			);
			inputFileListPaths = (
			);
			inputPaths = (
				"${PODS_PODFILE_DIR_PATH}/Podfile.lock",
				"${PODS_ROOT}/Manifest.lock",
			);
			name = "[CP] Check Pods Manifest.lock";
			outputFileListPaths = (
			);
			outputPaths = (
				"$(DERIVED_FILE_DIR)/Pods-TextureExam-TextureExamUITests-checkManifestLockResult.txt",
			);
			runOnlyForDeploymentPostprocessing = 0;
			shellPath = /bin/sh;
			shellScript = "diff \"${PODS_PODFILE_DIR_PATH}/Podfile.lock\" \"${PODS_ROOT}/Manifest.lock\" > /dev/null\nif [ $? != 0 ] ; then\n    # print error to STDERR\n    echo \"error: The sandbox is not in sync with the Podfile.lock. Run 'pod install' or update your CocoaPods installation.\" >&2\n    exit 1\nfi\n# This output is used by Xcode 'outputs' to avoid re-running this script phase.\necho \"SUCCESS\" > \"${SCRIPT_OUTPUT_FILE_0}\"\n";
			showEnvVarsInLog = 0;
		};
		74CDF3A7ABBDD0C7AA892503 /* [CP] Check Pods Manifest.lock */ = {
			isa = PBXShellScriptBuildPhase;
			buildActionMask = 2147483647;
			files = (
			);
			inputFileListPaths = (
			);
			inputPaths = (
				"${PODS_PODFILE_DIR_PATH}/Podfile.lock",
				"${PODS_ROOT}/Manifest.lock",
			);
			name = "[CP] Check Pods Manifest.lock";
			outputFileListPaths = (
			);
			outputPaths = (
				"$(DERIVED_FILE_DIR)/Pods-TextureExam-checkManifestLockResult.txt",
			);
			runOnlyForDeploymentPostprocessing = 0;
			shellPath = /bin/sh;
			shellScript = "diff \"${PODS_PODFILE_DIR_PATH}/Podfile.lock\" \"${PODS_ROOT}/Manifest.lock\" > /dev/null\nif [ $? != 0 ] ; then\n    # print error to STDERR\n    echo \"error: The sandbox is not in sync with the Podfile.lock. Run 'pod install' or update your CocoaPods installation.\" >&2\n    exit 1\nfi\n# This output is used by Xcode 'outputs' to avoid re-running this script phase.\necho \"SUCCESS\" > \"${SCRIPT_OUTPUT_FILE_0}\"\n";
			showEnvVarsInLog = 0;
		};
		84638EEF9B623AB6015C4775 /* [CP] Check Pods Manifest.lock */ = {
			isa = PBXShellScriptBuildPhase;
			buildActionMask = 2147483647;
			files = (
			);
			inputFileListPaths = (
			);
			inputPaths = (
				"${PODS_PODFILE_DIR_PATH}/Podfile.lock",
				"${PODS_ROOT}/Manifest.lock",
			);
			name = "[CP] Check Pods Manifest.lock";
			outputFileListPaths = (
			);
			outputPaths = (
				"$(DERIVED_FILE_DIR)/Pods-TextureExamTests-checkManifestLockResult.txt",
			);
			runOnlyForDeploymentPostprocessing = 0;
			shellPath = /bin/sh;
			shellScript = "diff \"${PODS_PODFILE_DIR_PATH}/Podfile.lock\" \"${PODS_ROOT}/Manifest.lock\" > /dev/null\nif [ $? != 0 ] ; then\n    # print error to STDERR\n    echo \"error: The sandbox is not in sync with the Podfile.lock. Run 'pod install' or update your CocoaPods installation.\" >&2\n    exit 1\nfi\n# This output is used by Xcode 'outputs' to avoid re-running this script phase.\necho \"SUCCESS\" > \"${SCRIPT_OUTPUT_FILE_0}\"\n";
			showEnvVarsInLog = 0;
		};
		C61293D0851AAB7134DC5D40 /* [CP] Embed Pods Frameworks */ = {
			isa = PBXShellScriptBuildPhase;
			buildActionMask = 2147483647;
			files = (
			);
			inputFileListPaths = (
				"${PODS_ROOT}/Target Support Files/Pods-TextureExam-TextureExamUITests/Pods-TextureExam-TextureExamUITests-frameworks-${CONFIGURATION}-input-files.xcfilelist",
			);
			name = "[CP] Embed Pods Frameworks";
			outputFileListPaths = (
				"${PODS_ROOT}/Target Support Files/Pods-TextureExam-TextureExamUITests/Pods-TextureExam-TextureExamUITests-frameworks-${CONFIGURATION}-output-files.xcfilelist",
			);
			runOnlyForDeploymentPostprocessing = 0;
			shellPath = /bin/sh;
			shellScript = "\"${PODS_ROOT}/Target Support Files/Pods-TextureExam-TextureExamUITests/Pods-TextureExam-TextureExamUITests-frameworks.sh\"\n";
			showEnvVarsInLog = 0;
		};
/* End PBXShellScriptBuildPhase section */

/* Begin PBXSourcesBuildPhase section */
		7EEDFE8D2667B1D000C20F27 /* Sources */ = {
			isa = PBXSourcesBuildPhase;
			buildActionMask = 2147483647;
			files = (
				7EEDFE992667B1D000C20F27 /* ViewController.swift in Sources */,
				7EEDFE952667B1D000C20F27 /* AppDelegate.swift in Sources */,
				7EEDFE972667B1D000C20F27 /* SceneDelegate.swift in Sources */,
			);
			runOnlyForDeploymentPostprocessing = 0;
		};
		7EEDFEA32667B1D200C20F27 /* Sources */ = {
			isa = PBXSourcesBuildPhase;
			buildActionMask = 2147483647;
			files = (
				7EEDFEAC2667B1D200C20F27 /* TextureExamTests.swift in Sources */,
			);
			runOnlyForDeploymentPostprocessing = 0;
		};
		7EEDFEAE2667B1D200C20F27 /* Sources */ = {
			isa = PBXSourcesBuildPhase;
			buildActionMask = 2147483647;
			files = (
				7EEDFEB72667B1D200C20F27 /* TextureExamUITests.swift in Sources */,
			);
			runOnlyForDeploymentPostprocessing = 0;
		};
/* End PBXSourcesBuildPhase section */

/* Begin PBXTargetDependency section */
		7EEDFEA92667B1D200C20F27 /* PBXTargetDependency */ = {
			isa = PBXTargetDependency;
			target = 7EEDFE902667B1D000C20F27 /* TextureExam */;
			targetProxy = 7EEDFEA82667B1D200C20F27 /* PBXContainerItemProxy */;
		};
		7EEDFEB42667B1D200C20F27 /* PBXTargetDependency */ = {
			isa = PBXTargetDependency;
			target = 7EEDFE902667B1D000C20F27 /* TextureExam */;
			targetProxy = 7EEDFEB32667B1D200C20F27 /* PBXContainerItemProxy */;
		};
/* End PBXTargetDependency section */

/* Begin PBXVariantGroup section */
		7EEDFE9F2667B1D200C20F27 /* LaunchScreen.storyboard */ = {
			isa = PBXVariantGroup;
			children = (
				7EEDFEA02667B1D200C20F27 /* Base */,
			);
			name = LaunchScreen.storyboard;
			sourceTree = "<group>";
		};
/* End PBXVariantGroup section */

/* Begin XCBuildConfiguration section */
		7EEDFEB92667B1D200C20F27 /* Debug */ = {
			isa = XCBuildConfiguration;
			buildSettings = {
				ALWAYS_SEARCH_USER_PATHS = NO;
				CLANG_ANALYZER_NONNULL = YES;
				CLANG_ANALYZER_NUMBER_OBJECT_CONVERSION = YES_AGGRESSIVE;
				CLANG_CXX_LANGUAGE_STANDARD = "gnu++14";
				CLANG_CXX_LIBRARY = "libc++";
				CLANG_ENABLE_MODULES = YES;
				CLANG_ENABLE_OBJC_ARC = YES;
				CLANG_ENABLE_OBJC_WEAK = YES;
				CLANG_WARN_BLOCK_CAPTURE_AUTORELEASING = YES;
				CLANG_WARN_BOOL_CONVERSION = YES;
				CLANG_WARN_COMMA = YES;
				CLANG_WARN_CONSTANT_CONVERSION = YES;
				CLANG_WARN_DEPRECATED_OBJC_IMPLEMENTATIONS = YES;
				CLANG_WARN_DIRECT_OBJC_ISA_USAGE = YES_ERROR;
				CLANG_WARN_DOCUMENTATION_COMMENTS = YES;
				CLANG_WARN_EMPTY_BODY = YES;
				CLANG_WARN_ENUM_CONVERSION = YES;
				CLANG_WARN_INFINITE_RECURSION = YES;
				CLANG_WARN_INT_CONVERSION = YES;
				CLANG_WARN_NON_LITERAL_NULL_CONVERSION = YES;
				CLANG_WARN_OBJC_IMPLICIT_RETAIN_SELF = YES;
				CLANG_WARN_OBJC_LITERAL_CONVERSION = YES;
				CLANG_WARN_OBJC_ROOT_CLASS = YES_ERROR;
				CLANG_WARN_QUOTED_INCLUDE_IN_FRAMEWORK_HEADER = YES;
				CLANG_WARN_RANGE_LOOP_ANALYSIS = YES;
				CLANG_WARN_STRICT_PROTOTYPES = YES;
				CLANG_WARN_SUSPICIOUS_MOVE = YES;
				CLANG_WARN_UNGUARDED_AVAILABILITY = YES_AGGRESSIVE;
				CLANG_WARN_UNREACHABLE_CODE = YES;
				CLANG_WARN__DUPLICATE_METHOD_MATCH = YES;
				COPY_PHASE_STRIP = NO;
				DEBUG_INFORMATION_FORMAT = dwarf;
				ENABLE_STRICT_OBJC_MSGSEND = YES;
				ENABLE_TESTABILITY = YES;
				GCC_C_LANGUAGE_STANDARD = gnu11;
				GCC_DYNAMIC_NO_PIC = NO;
				GCC_NO_COMMON_BLOCKS = YES;
				GCC_OPTIMIZATION_LEVEL = 0;
				GCC_PREPROCESSOR_DEFINITIONS = (
					"DEBUG=1",
					"$(inherited)",
				);
				GCC_WARN_64_TO_32_BIT_CONVERSION = YES;
				GCC_WARN_ABOUT_RETURN_TYPE = YES_ERROR;
				GCC_WARN_UNDECLARED_SELECTOR = YES;
				GCC_WARN_UNINITIALIZED_AUTOS = YES_AGGRESSIVE;
				GCC_WARN_UNUSED_FUNCTION = YES;
				GCC_WARN_UNUSED_VARIABLE = YES;
				IPHONEOS_DEPLOYMENT_TARGET = 14.4;
				MTL_ENABLE_DEBUG_INFO = INCLUDE_SOURCE;
				MTL_FAST_MATH = YES;
				ONLY_ACTIVE_ARCH = YES;
				SDKROOT = iphoneos;
				SWIFT_ACTIVE_COMPILATION_CONDITIONS = DEBUG;
				SWIFT_OPTIMIZATION_LEVEL = "-Onone";
			};
			name = Debug;
		};
		7EEDFEBA2667B1D200C20F27 /* Release */ = {
			isa = XCBuildConfiguration;
			buildSettings = {
				ALWAYS_SEARCH_USER_PATHS = NO;
				CLANG_ANALYZER_NONNULL = YES;
				CLANG_ANALYZER_NUMBER_OBJECT_CONVERSION = YES_AGGRESSIVE;
				CLANG_CXX_LANGUAGE_STANDARD = "gnu++14";
				CLANG_CXX_LIBRARY = "libc++";
				CLANG_ENABLE_MODULES = YES;
				CLANG_ENABLE_OBJC_ARC = YES;
				CLANG_ENABLE_OBJC_WEAK = YES;
				CLANG_WARN_BLOCK_CAPTURE_AUTORELEASING = YES;
				CLANG_WARN_BOOL_CONVERSION = YES;
				CLANG_WARN_COMMA = YES;
				CLANG_WARN_CONSTANT_CONVERSION = YES;
				CLANG_WARN_DEPRECATED_OBJC_IMPLEMENTATIONS = YES;
				CLANG_WARN_DIRECT_OBJC_ISA_USAGE = YES_ERROR;
				CLANG_WARN_DOCUMENTATION_COMMENTS = YES;
				CLANG_WARN_EMPTY_BODY = YES;
				CLANG_WARN_ENUM_CONVERSION = YES;
				CLANG_WARN_INFINITE_RECURSION = YES;
				CLANG_WARN_INT_CONVERSION = YES;
				CLANG_WARN_NON_LITERAL_NULL_CONVERSION = YES;
				CLANG_WARN_OBJC_IMPLICIT_RETAIN_SELF = YES;
				CLANG_WARN_OBJC_LITERAL_CONVERSION = YES;
				CLANG_WARN_OBJC_ROOT_CLASS = YES_ERROR;
				CLANG_WARN_QUOTED_INCLUDE_IN_FRAMEWORK_HEADER = YES;
				CLANG_WARN_RANGE_LOOP_ANALYSIS = YES;
				CLANG_WARN_STRICT_PROTOTYPES = YES;
				CLANG_WARN_SUSPICIOUS_MOVE = YES;
				CLANG_WARN_UNGUARDED_AVAILABILITY = YES_AGGRESSIVE;
				CLANG_WARN_UNREACHABLE_CODE = YES;
				CLANG_WARN__DUPLICATE_METHOD_MATCH = YES;
				COPY_PHASE_STRIP = NO;
				DEBUG_INFORMATION_FORMAT = "dwarf-with-dsym";
				ENABLE_NS_ASSERTIONS = NO;
				ENABLE_STRICT_OBJC_MSGSEND = YES;
				GCC_C_LANGUAGE_STANDARD = gnu11;
				GCC_NO_COMMON_BLOCKS = YES;
				GCC_WARN_64_TO_32_BIT_CONVERSION = YES;
				GCC_WARN_ABOUT_RETURN_TYPE = YES_ERROR;
				GCC_WARN_UNDECLARED_SELECTOR = YES;
				GCC_WARN_UNINITIALIZED_AUTOS = YES_AGGRESSIVE;
				GCC_WARN_UNUSED_FUNCTION = YES;
				GCC_WARN_UNUSED_VARIABLE = YES;
				IPHONEOS_DEPLOYMENT_TARGET = 14.4;
				MTL_ENABLE_DEBUG_INFO = NO;
				MTL_FAST_MATH = YES;
				SDKROOT = iphoneos;
				SWIFT_COMPILATION_MODE = wholemodule;
				SWIFT_OPTIMIZATION_LEVEL = "-O";
				VALIDATE_PRODUCT = YES;
			};
			name = Release;
		};
		7EEDFEBC2667B1D200C20F27 /* Debug */ = {
			isa = XCBuildConfiguration;
			baseConfigurationReference = B6F142020D1FE0E8D6BE2A91 /* Pods-TextureExam.debug.xcconfig */;
			buildSettings = {
				ASSETCATALOG_COMPILER_APPICON_NAME = AppIcon;
				ASSETCATALOG_COMPILER_GLOBAL_ACCENT_COLOR_NAME = AccentColor;
				CODE_SIGN_STYLE = Automatic;
				DEVELOPMENT_TEAM = T7JU69Q47J;
				INFOPLIST_FILE = TextureExam/Info.plist;
				LD_RUNPATH_SEARCH_PATHS = (
					"$(inherited)",
					"@executable_path/Frameworks",
				);
				PRODUCT_BUNDLE_IDENTIFIER = exam.TextureExam;
				PRODUCT_NAME = "$(TARGET_NAME)";
				SWIFT_VERSION = 5.0;
				TARGETED_DEVICE_FAMILY = "1,2";
			};
			name = Debug;
		};
		7EEDFEBD2667B1D200C20F27 /* Release */ = {
			isa = XCBuildConfiguration;
			baseConfigurationReference = 9C8DFFF2D6EFD457212A4A05 /* Pods-TextureExam.release.xcconfig */;
			buildSettings = {
				ASSETCATALOG_COMPILER_APPICON_NAME = AppIcon;
				ASSETCATALOG_COMPILER_GLOBAL_ACCENT_COLOR_NAME = AccentColor;
				CODE_SIGN_STYLE = Automatic;
				DEVELOPMENT_TEAM = T7JU69Q47J;
				INFOPLIST_FILE = TextureExam/Info.plist;
				LD_RUNPATH_SEARCH_PATHS = (
					"$(inherited)",
					"@executable_path/Frameworks",
				);
				PRODUCT_BUNDLE_IDENTIFIER = exam.TextureExam;
				PRODUCT_NAME = "$(TARGET_NAME)";
				SWIFT_VERSION = 5.0;
				TARGETED_DEVICE_FAMILY = "1,2";
			};
			name = Release;
		};
		7EEDFEBF2667B1D200C20F27 /* Debug */ = {
			isa = XCBuildConfiguration;
			baseConfigurationReference = F4E20D8A2C5F06FBB8FEB738 /* Pods-TextureExamTests.debug.xcconfig */;
			buildSettings = {
				ALWAYS_EMBED_SWIFT_STANDARD_LIBRARIES = YES;
				BUNDLE_LOADER = "$(TEST_HOST)";
				CODE_SIGN_STYLE = Automatic;
				DEVELOPMENT_TEAM = T7JU69Q47J;
				INFOPLIST_FILE = TextureExamTests/Info.plist;
				IPHONEOS_DEPLOYMENT_TARGET = 14.4;
				LD_RUNPATH_SEARCH_PATHS = (
					"$(inherited)",
					"@executable_path/Frameworks",
					"@loader_path/Frameworks",
				);
				PRODUCT_BUNDLE_IDENTIFIER = exam.TextureExamTests;
				PRODUCT_NAME = "$(TARGET_NAME)";
				SWIFT_VERSION = 5.0;
				TARGETED_DEVICE_FAMILY = "1,2";
				TEST_HOST = "$(BUILT_PRODUCTS_DIR)/TextureExam.app/TextureExam";
			};
			name = Debug;
		};
		7EEDFEC02667B1D200C20F27 /* Release */ = {
			isa = XCBuildConfiguration;
			baseConfigurationReference = 3B67E3A8CD0413FF4C9CFAB5 /* Pods-TextureExamTests.release.xcconfig */;
			buildSettings = {
				ALWAYS_EMBED_SWIFT_STANDARD_LIBRARIES = YES;
				BUNDLE_LOADER = "$(TEST_HOST)";
				CODE_SIGN_STYLE = Automatic;
				DEVELOPMENT_TEAM = T7JU69Q47J;
				INFOPLIST_FILE = TextureExamTests/Info.plist;
				IPHONEOS_DEPLOYMENT_TARGET = 14.4;
				LD_RUNPATH_SEARCH_PATHS = (
					"$(inherited)",
					"@executable_path/Frameworks",
					"@loader_path/Frameworks",
				);
				PRODUCT_BUNDLE_IDENTIFIER = exam.TextureExamTests;
				PRODUCT_NAME = "$(TARGET_NAME)";
				SWIFT_VERSION = 5.0;
				TARGETED_DEVICE_FAMILY = "1,2";
				TEST_HOST = "$(BUILT_PRODUCTS_DIR)/TextureExam.app/TextureExam";
			};
			name = Release;
		};
		7EEDFEC22667B1D200C20F27 /* Debug */ = {
			isa = XCBuildConfiguration;
			baseConfigurationReference = 5E9BFA1E932D344929C800EE /* Pods-TextureExam-TextureExamUITests.debug.xcconfig */;
			buildSettings = {
				ALWAYS_EMBED_SWIFT_STANDARD_LIBRARIES = YES;
				CODE_SIGN_STYLE = Automatic;
				DEVELOPMENT_TEAM = T7JU69Q47J;
				INFOPLIST_FILE = TextureExamUITests/Info.plist;
				LD_RUNPATH_SEARCH_PATHS = (
					"$(inherited)",
					"@executable_path/Frameworks",
					"@loader_path/Frameworks",
				);
				PRODUCT_BUNDLE_IDENTIFIER = exam.TextureExamUITests;
				PRODUCT_NAME = "$(TARGET_NAME)";
				SWIFT_VERSION = 5.0;
				TARGETED_DEVICE_FAMILY = "1,2";
				TEST_TARGET_NAME = TextureExam;
			};
			name = Debug;
		};
		7EEDFEC32667B1D200C20F27 /* Release */ = {
			isa = XCBuildConfiguration;
			baseConfigurationReference = F4689D328E307ED22D9812C8 /* Pods-TextureExam-TextureExamUITests.release.xcconfig */;
			buildSettings = {
				ALWAYS_EMBED_SWIFT_STANDARD_LIBRARIES = YES;
				CODE_SIGN_STYLE = Automatic;
				DEVELOPMENT_TEAM = T7JU69Q47J;
				INFOPLIST_FILE = TextureExamUITests/Info.plist;
				LD_RUNPATH_SEARCH_PATHS = (
					"$(inherited)",
					"@executable_path/Frameworks",
					"@loader_path/Frameworks",
				);
				PRODUCT_BUNDLE_IDENTIFIER = exam.TextureExamUITests;
				PRODUCT_NAME = "$(TARGET_NAME)";
				SWIFT_VERSION = 5.0;
				TARGETED_DEVICE_FAMILY = "1,2";
				TEST_TARGET_NAME = TextureExam;
			};
			name = Release;
		};
/* End XCBuildConfiguration section */

/* Begin XCConfigurationList section */
		7EEDFE8C2667B1D000C20F27 /* Build configuration list for PBXProject "TextureExam" */ = {
			isa = XCConfigurationList;
			buildConfigurations = (
				7EEDFEB92667B1D200C20F27 /* Debug */,
				7EEDFEBA2667B1D200C20F27 /* Release */,
			);
			defaultConfigurationIsVisible = 0;
			defaultConfigurationName = Release;
		};
		7EEDFEBB2667B1D200C20F27 /* Build configuration list for PBXNativeTarget "TextureExam" */ = {
			isa = XCConfigurationList;
			buildConfigurations = (
				7EEDFEBC2667B1D200C20F27 /* Debug */,
				7EEDFEBD2667B1D200C20F27 /* Release */,
			);
			defaultConfigurationIsVisible = 0;
			defaultConfigurationName = Release;
		};
		7EEDFEBE2667B1D200C20F27 /* Build configuration list for PBXNativeTarget "TextureExamTests" */ = {
			isa = XCConfigurationList;
			buildConfigurations = (
				7EEDFEBF2667B1D200C20F27 /* Debug */,
				7EEDFEC02667B1D200C20F27 /* Release */,
			);
			defaultConfigurationIsVisible = 0;
			defaultConfigurationName = Release;
		};
		7EEDFEC12667B1D200C20F27 /* Build configuration list for PBXNativeTarget "TextureExamUITests" */ = {
			isa = XCConfigurationList;
			buildConfigurations = (
				7EEDFEC22667B1D200C20F27 /* Debug */,
				7EEDFEC32667B1D200C20F27 /* Release */,
			);
			defaultConfigurationIsVisible = 0;
			defaultConfigurationName = Release;
		};
/* End XCConfigurationList section */
	};
	rootObject = 7EEDFE892667B1D000C20F27 /* Project object */;
}
